dependencies:
- name: argo-cd
  repository: https://argoproj.github.io/argo-helm
  version: 3.33.5
- name: argocd-applicationset
  repository: https://argoproj.github.io/argo-helm
  version: 1.9.1
digest: sha256:2c8210e01f1f6cc1a7a4d6cc286a03ba2a00204ecee343b17b570d65a8641f2e
generated: "2022-02-11T20:40:14.540832+08:00"
