dependencies:
- name: argo-cd
  repository: https://argoproj.github.io/argo-helm
  version: 3.33.5
- name: argocd-applicationset
  repository: https://argoproj.github.io/argo-helm
  version: 1.9.1
- name: argocd-image-updater
  repository: https://argoproj.github.io/argo-helm
  version: 0.6.2
- name: argocd-notifications
  repository: https://argoproj.github.io/argo-helm
  version: 1.8.0
- name: argo-rollouts
  repository: https://argoproj.github.io/argo-helm
  version: 2.9.3
digest: sha256:c5b637049509cd7b7923d0f5999aac9ec510e6c099e3db9e135d6cf708e18009
generated: "2022-02-11T21:31:35.324517+08:00"
