dependencies:
- name: argo-cd
  repository: https://argoproj.github.io/argo-helm
  version: 3.33.5
- name: argocd-applicationset
  repository: https://argoproj.github.io/argo-helm
  version: 1.9.1
- name: argocd-image-updater
  repository: https://argoproj.github.io/argo-helm
  version: 0.6.2
digest: sha256:de0a109482680ca8ee1740f709b9a7d6e59fa7c21fb1aa7c23678e9c4e95ce7a
generated: "2022-02-11T20:44:27.96233+08:00"
